
Microsoft Visual Studio Solution File, Format Version 12.00
# Visual Studio Version 16
VisualStudioVersion = 16.0.30621.155
MinimumVisualStudioVersion = 10.0.40219.1
Project("{FAE04EC0-301F-11D3-BF4B-00C04F79EFBC}") = "C_Sharp_PC_RGB", "C_Sharp_PC_RGB.csproj", "{69A7D53B-347D-45DC-AE7D-21ABE518086B}"
EndProject
Global
	GlobalSection(SolutionConfigurationPlatforms) = preSolution
		Debug|Any CPU = Debug|Any CPU
		Release|Any CPU = Release|Any CPU
	EndGlobalSection
	GlobalSection(ProjectConfigurationPlatforms) = postSolution
		{69A7D53B-347D-45DC-AE7D-21ABE518086B}.Debug|Any CPU.ActiveCfg = Debug|Any CPU
		{69A7D53B-347D-45DC-AE7D-21ABE518086B}.Debug|Any CPU.Build.0 = Debug|Any CPU
		{69A7D53B-347D-45DC-AE7D-21ABE518086B}.Release|Any CPU.ActiveCfg = Release|Any CPU
		{69A7D53B-347D-45DC-AE7D-21ABE518086B}.Release|Any CPU.Build.0 = Release|Any CPU
	EndGlobalSection
	GlobalSection(SolutionProperties) = preSolution
		HideSolutionNode = FALSE
	EndGlobalSection
	GlobalSection(ExtensibilityGlobals) = postSolution
		SolutionGuid = {27FA76A7-0C4A-4BB8-A716-964FCA9A49B8}
	EndGlobalSection
EndGlobal
